
Microsoft Visual Studio Solution File, Format Version 12.00
# Visual Studio 14
VisualStudioVersion = 14.0.25420.1
MinimumVisualStudioVersion = 10.0.40219.1
Project("{FAE04EC0-301F-11D3-BF4B-00C04F79EFBC}") = "BlipSDKHelperLibrary", "BlipSDKHelperLibrary\BlipSDKHelperLibrary.csproj", "{36217CA6-E5F5-4AE4-BD3F-A1F0E8026C66}"
EndProject
Global
	GlobalSection(SolutionConfigurationPlatforms) = preSolution
		Debug|Any CPU = Debug|Any CPU
		Release|Any CPU = Release|Any CPU
	EndGlobalSection
	GlobalSection(ProjectConfigurationPlatforms) = postSolution
		{36217CA6-E5F5-4AE4-BD3F-A1F0E8026C66}.Debug|Any CPU.ActiveCfg = Debug|Any CPU
		{36217CA6-E5F5-4AE4-BD3F-A1F0E8026C66}.Debug|Any CPU.Build.0 = Debug|Any CPU
		{36217CA6-E5F5-4AE4-BD3F-A1F0E8026C66}.Release|Any CPU.ActiveCfg = Release|Any CPU
		{36217CA6-E5F5-4AE4-BD3F-A1F0E8026C66}.Release|Any CPU.Build.0 = Release|Any CPU
	EndGlobalSection
	GlobalSection(SolutionProperties) = preSolution
		HideSolutionNode = FALSE
	EndGlobalSection
EndGlobal
